<?xml version="1.0" encoding="utf-8"?>
<Project ToolsVersion="4.0" xmlns="http://schemas.microsoft.com/developer/msbuild/2003">
  <ItemGroup>
    <Filter Include="Source Files">
      <UniqueIdentifier>{4FC737F1-C7A5-4376-A066-2A32D752A2FF}</UniqueIdentifier>
      <Extensions>cpp;c;cc;cxx;def;odl;idl;hpj;bat;asm;asmx</Extensions>
    </Filter>
    <Filter Include="Engine">
      <UniqueIdentifier>{9da8b135-39ef-4e63-be9f-887d9eb42640}</UniqueIdentifier>
    </Filter>
    <Filter Include="Engine\Entities">
      <UniqueIdentifier>{4e2d3a3c-c609-4280-bfcd-bb51e863a466}</UniqueIdentifier>
    </Filter>
    <Filter Include="Engine\CubeMap">
      <UniqueIdentifier>{ca650ca8-891b-4b03-8f28-7a04c79a63f1}</UniqueIdentifier>
    </Filter>
    <Filter Include="Engine\Clock">
      <UniqueIdentifier>{2e8bcb9d-f6a9-4ae0-ac17-29a58e347bf3}</UniqueIdentifier>
    </Filter>
    <Filter Include="Engine\Camera">
      <UniqueIdentifier>{941d7773-a63a-42e8-b15c-6e7e19296329}</UniqueIdentifier>
    </Filter>
    <Filter Include="Engine\InputManager">
      <UniqueIdentifier>{af3c1190-cc0b-449e-af2d-b4e653ba8584}</UniqueIdentifier>
    </Filter>
    <Filter Include="Source Files\Menu">
      <UniqueIdentifier>{d9867e2a-331c-4786-b6d3-df71696d3372}</UniqueIdentifier>
    </Filter>
    <Filter Include="Engine\ShaderLoader">
      <UniqueIdentifier>{f73fb037-a020-46db-b57f-9b9b1bada5fc}</UniqueIdentifier>
    </Filter>
    <Filter Include="Engine\SoundManager">
      <UniqueIdentifier>{758b8e7c-cdcd-46b6-aea8-7b4d7790a468}</UniqueIdentifier>
    </Filter>
    <Filter Include="Engine\TextLabel">
      <UniqueIdentifier>{5bdd3b5f-3b5a-46d2-9e7f-70ac2264063d}</UniqueIdentifier>
    </Filter>
    <Filter Include="Engine\FrameBuffer">
      <UniqueIdentifier>{95f68b9f-1c20-40f6-9244-69d17fba1d87}</UniqueIdentifier>
    </Filter>
    <Filter Include="Source Files\Cloth">
      <UniqueIdentifier>{7061efaf-54c7-406a-a98a-65888204d1b7}</UniqueIdentifier>
    </Filter>
    <Filter Include="Source Files\GeometryModel">
      <UniqueIdentifier>{2fb79d0b-8a24-4623-ac7b-4e7ff61c8a79}</UniqueIdentifier>
    </Filter>
    <Filter Include="Source Files\PlayerObject">
      <UniqueIdentifier>{aad18cd1-d7aa-4129-9f65-0103c12a751b}</UniqueIdentifier>
    </Filter>
    <Filter Include="Source Files\Terrain">
      <UniqueIdentifier>{351f0fad-a7ed-4150-80f9-1abd4e237f80}</UniqueIdentifier>
    </Filter>
    <Filter Include="Source Files\TessModel">
      <UniqueIdentifier>{fbe4e96c-f991-4edf-b883-0442371474c1}</UniqueIdentifier>
    </Filter>
    <Filter Include="Source Files\Particle System">
      <UniqueIdentifier>{65a8cb8d-6f25-42f1-90d2-4f1cfbb66bab}</UniqueIdentifier>
    </Filter>
  </ItemGroup>
  <ItemGroup>
    <ClCompile Include="Main.cpp">
      <Filter>Source Files</Filter>
    </ClCompile>
    <ClCompile Include="Camera.cpp">
      <Filter>Engine\Camera</Filter>
    </ClCompile>
    <ClCompile Include="Clock.cpp">
      <Filter>Engine\Clock</Filter>
    </ClCompile>
    <ClCompile Include="CubeMap.cpp">
      <Filter>Engine\CubeMap</Filter>
    </ClCompile>
    <ClCompile Include="Entity.cpp">
      <Filter>Engine\Entities</Filter>
    </ClCompile>
    <ClCompile Include="EntityManager.cpp">
      <Filter>Engine\Entities</Filter>
    </ClCompile>
    <ClCompile Include="InputManager.cpp">
      <Filter>Engine\InputManager</Filter>
    </ClCompile>
    <ClCompile Include="Text.cpp">
      <Filter>Engine\TextLabel</Filter>
    </ClCompile>
    <ClCompile Include="SoundManager.cpp">
      <Filter>Engine\SoundManager</Filter>
    </ClCompile>
    <ClCompile Include="Menu.cpp">
      <Filter>Source Files\Menu</Filter>
    </ClCompile>
    <ClCompile Include="ShaderLoader.cpp">
      <Filter>Engine\ShaderLoader</Filter>
    </ClCompile>
    <ClCompile Include="SoundManager.cpp">
      <Filter>Engine\SoundManager</Filter>
    </ClCompile>
    <ClCompile Include="Text.cpp">
      <Filter>Engine\TextLabel</Filter>
    </ClCompile>
    <ClCompile Include="FrameBuffer.cpp">
      <Filter>Engine\FrameBuffer</Filter>
    </ClCompile>
    <ClCompile Include="GeometryModel.cpp">
      <Filter>Source Files\GeometryModel</Filter>
    </ClCompile>
    <ClCompile Include="Terrain.cpp">
      <Filter>Source Files\Terrain</Filter>
    </ClCompile>
    <ClCompile Include="TessModel.cpp">
      <Filter>Source Files\TessModel</Filter>
    </ClCompile>
    <ClCompile Include="ParticleSystem.cpp">
      <Filter>Source Files\Particle System</Filter>
    </ClCompile>
    <ClCompile Include="Cloth.cpp">
      <Filter>Source Files\Cloth</Filter>
    </ClCompile>
    <ClCompile Include="ClothParticle.cpp">
      <Filter>Source Files\Cloth</Filter>
    </ClCompile>
    <ClCompile Include="Spring.cpp">
      <Filter>Source Files\Cloth</Filter>
    </ClCompile>
    <ClCompile Include="Pawn.cpp">
      <Filter>Source Files\PlayerObject</Filter>
    </ClCompile>
  </ItemGroup>
  <ItemGroup>
    <ClInclude Include="Camera.h">
      <Filter>Engine\Camera</Filter>
    </ClInclude>
    <ClInclude Include="Clock.h">
      <Filter>Engine\Clock</Filter>
    </ClInclude>
    <ClInclude Include="CubeMap.h">
      <Filter>Engine\CubeMap</Filter>
    </ClInclude>
    <ClInclude Include="Entity.h">
      <Filter>Engine\Entities</Filter>
    </ClInclude>
    <ClInclude Include="EntityManager.h">
      <Filter>Engine\Entities</Filter>
    </ClInclude>
    <ClInclude Include="CubeMap.h">
      <Filter>Engine\CubeMap</Filter>
    </ClInclude>
    <ClInclude Include="InputManager.h">
      <Filter>Engine\InputManager</Filter>
    </ClInclude>
    <ClInclude Include="Text.h">
      <Filter>Engine\TextLabel</Filter>
    </ClInclude>
    <ClInclude Include="SoundManager.h">
      <Filter>Engine\SoundManager</Filter>
    </ClInclude>
    <ClInclude Include="Menu.h">
      <Filter>Source Files\Menu</Filter>
    </ClInclude>
    <ClInclude Include="ShaderLoader.h">
      <Filter>Engine\ShaderLoader</Filter>
    </ClInclude>
    <ClInclude Include="SoundManager.h">
      <Filter>Engine\SoundManager</Filter>
    </ClInclude>
    <ClInclude Include="Model.h">
      <Filter>Engine\Entities</Filter>
    </ClInclude>
    <ClInclude Include="Text.h">
      <Filter>Engine\TextLabel</Filter>
    </ClInclude>
    <ClInclude Include="FrameBuffer.h">
      <Filter>Engine\FrameBuffer</Filter>
    </ClInclude>
    <ClInclude Include="GeometryModel.h">
      <Filter>Source Files\GeometryModel</Filter>
    </ClInclude>
    <ClInclude Include="Terrain.h">
      <Filter>Source Files\Terrain</Filter>
    </ClInclude>
    <ClInclude Include="TessModel.h">
      <Filter>Source Files\TessModel</Filter>
    </ClInclude>
    <ClInclude Include="ParticleSystem.h">
      <Filter>Source Files\Particle System</Filter>
    </ClInclude>
    <ClInclude Include="Cloth.h">
      <Filter>Source Files\Cloth</Filter>
    </ClInclude>
    <ClInclude Include="ClothParticle.h">
      <Filter>Source Files\Cloth</Filter>
    </ClInclude>
    <ClInclude Include="Spring.h">
      <Filter>Source Files\Cloth</Filter>
    </ClInclude>
    <ClInclude Include="Pawn.h">
      <Filter>Source Files\PlayerObject</Filter>
    </ClInclude>
  </ItemGroup>
</Project>