<?xml version="1.0" encoding="utf-8"?>
<Project ToolsVersion="4.0" xmlns="http://schemas.microsoft.com/developer/msbuild/2003">
  <ItemGroup>
    <Filter Include="Source Files">
      <UniqueIdentifier>{4FC737F1-C7A5-4376-A066-2A32D752A2FF}</UniqueIdentifier>
      <Extensions>cpp;c;cc;cxx;def;odl;idl;hpj;bat;asm;asmx</Extensions>
    </Filter>
    <Filter Include="Header Files">
      <UniqueIdentifier>{93995380-89BD-4b04-88EB-625FBE52EBFB}</UniqueIdentifier>
      <Extensions>h;hh;hpp;hxx;hm;inl;inc;ipp;xsd</Extensions>
    </Filter>
    <Filter Include="Resource Files">
      <UniqueIdentifier>{67DA6AB6-F800-4c08-8B7A-83BB121AAD01}</UniqueIdentifier>
      <Extensions>rc;ico;cur;bmp;dlg;rc2;rct;bin;rgs;gif;jpg;jpeg;jpe;resx;tiff;tif;png;wav;mfcribbon-ms</Extensions>
    </Filter>
    <Filter Include="Header Files\Engine">
      <UniqueIdentifier>{13ea92fc-5fbc-46fd-b813-0a041ebb1f9c}</UniqueIdentifier>
    </Filter>
    <Filter Include="Header Files\Engine\Headers">
      <UniqueIdentifier>{91a54166-f769-47e9-9ebd-ccd57d37fa77}</UniqueIdentifier>
    </Filter>
    <Filter Include="Header Files\Engine\Implimentation">
      <UniqueIdentifier>{3ee35b89-b93d-4cbe-88b8-8fa3975990b1}</UniqueIdentifier>
    </Filter>
  </ItemGroup>
  <ItemGroup>
    <ClCompile Include="Main.cpp">
      <Filter>Source Files</Filter>
    </ClCompile>
    <ClCompile Include="Camera.cpp">
      <Filter>Header Files\Engine\Implimentation</Filter>
    </ClCompile>
    <ClCompile Include="Clock.cpp">
      <Filter>Header Files\Engine\Implimentation</Filter>
    </ClCompile>
    <ClCompile Include="CubeMap.cpp">
      <Filter>Header Files\Engine\Implimentation</Filter>
    </ClCompile>
    <ClCompile Include="Entity.cpp">
      <Filter>Header Files\Engine\Implimentation</Filter>
    </ClCompile>
    <ClCompile Include="EntityManager.cpp">
      <Filter>Header Files\Engine\Implimentation</Filter>
    </ClCompile>
    <ClCompile Include="InputManager.cpp">
      <Filter>Header Files\Engine\Implimentation</Filter>
    </ClCompile>
    <ClCompile Include="Menu.cpp">
      <Filter>Header Files\Engine\Implimentation</Filter>
    </ClCompile>
    <ClCompile Include="ShaderLoader.cpp">
      <Filter>Header Files\Engine\Implimentation</Filter>
    </ClCompile>
    <ClCompile Include="SoundManager.cpp">
      <Filter>Header Files\Engine\Implimentation</Filter>
    </ClCompile>
    <ClCompile Include="Text.cpp">
      <Filter>Header Files\Engine\Implimentation</Filter>
    </ClCompile>
    <ClCompile Include="Terrain.cpp">
      <Filter>Source Files</Filter>
    </ClCompile>
    <ClCompile Include="PlayerObject.cpp">
      <Filter>Source Files</Filter>
    </ClCompile>
    <ClCompile Include="GeometryModel.cpp">
      <Filter>Source Files</Filter>
    </ClCompile>
  </ItemGroup>
  <ItemGroup>
    <ClInclude Include="Camera.h">
      <Filter>Header Files\Engine\Headers</Filter>
    </ClInclude>
    <ClInclude Include="Clock.h">
      <Filter>Header Files\Engine\Headers</Filter>
    </ClInclude>
    <ClInclude Include="CubeMap.h">
      <Filter>Header Files\Engine\Headers</Filter>
    </ClInclude>
    <ClInclude Include="Entity.h">
      <Filter>Header Files\Engine\Headers</Filter>
    </ClInclude>
    <ClInclude Include="EntityManager.h">
      <Filter>Header Files\Engine\Headers</Filter>
    </ClInclude>
    <ClInclude Include="InputManager.h">
      <Filter>Header Files\Engine\Headers</Filter>
    </ClInclude>
    <ClInclude Include="Menu.h">
      <Filter>Header Files\Engine\Headers</Filter>
    </ClInclude>
    <ClInclude Include="Model.h">
      <Filter>Header Files\Engine\Headers</Filter>
    </ClInclude>
    <ClInclude Include="ShaderLoader.h">
      <Filter>Header Files\Engine\Headers</Filter>
    </ClInclude>
    <ClInclude Include="SoundManager.h">
      <Filter>Header Files\Engine\Headers</Filter>
    </ClInclude>
    <ClInclude Include="Text.h">
      <Filter>Header Files\Engine\Headers</Filter>
    </ClInclude>
    <ClInclude Include="Resource.h">
      <Filter>Header Files\Engine</Filter>
    </ClInclude>
    <ClInclude Include="Terrain.h">
      <Filter>Source Files</Filter>
    </ClInclude>
    <ClInclude Include="PlayerObject.h">
      <Filter>Source Files</Filter>
    </ClInclude>
    <ClInclude Include="GeometryModel.h">
      <Filter>Source Files</Filter>
    </ClInclude>
  </ItemGroup>
</Project>